
Microsoft Visual Studio Solution File, Format Version 12.00
# Visual Studio Version 17
VisualStudioVersion = 17.3.32929.385
MinimumVisualStudioVersion = 10.0.40219.1
Project("{FAE04EC0-301F-11D3-BF4B-00C04F79EFBC}") = "AdvanceTask", "AdvanceTask\AdvanceTask.csproj", "{F333E572-2A78-44CC-9E43-71A76FFCF8CD}"
EndProject
Global
	GlobalSection(SolutionConfigurationPlatforms) = preSolution
		Debug|Any CPU = Debug|Any CPU
		Release|Any CPU = Release|Any CPU
	EndGlobalSection
	GlobalSection(ProjectConfigurationPlatforms) = postSolution
		{F333E572-2A78-44CC-9E43-71A76FFCF8CD}.Debug|Any CPU.ActiveCfg = Debug|Any CPU
		{F333E572-2A78-44CC-9E43-71A76FFCF8CD}.Debug|Any CPU.Build.0 = Debug|Any CPU
		{F333E572-2A78-44CC-9E43-71A76FFCF8CD}.Release|Any CPU.ActiveCfg = Release|Any CPU
		{F333E572-2A78-44CC-9E43-71A76FFCF8CD}.Release|Any CPU.Build.0 = Release|Any CPU
	EndGlobalSection
	GlobalSection(SolutionProperties) = preSolution
		HideSolutionNode = FALSE
	EndGlobalSection
	GlobalSection(ExtensibilityGlobals) = postSolution
		SolutionGuid = {2E7D16BE-C8B8-4140-A9BF-A64A817B5017}
	EndGlobalSection
EndGlobal
